
Microsoft Visual Studio Solution File, Format Version 12.00
# Visual Studio Version 16
VisualStudioVersion = 16.0.30204.135
MinimumVisualStudioVersion = 10.0.40219.1
Project("{FAE04EC0-301F-11D3-BF4B-00C04F79EFBC}") = "ExceptionHandlingDemo", "ExceptionHandlingDemo\ExceptionHandlingDemo.csproj", "{2958BB80-7FC7-40DB-AA01-6DB6EC4026FF}"
EndProject
Global
	GlobalSection(SolutionConfigurationPlatforms) = preSolution
		Debug|Any CPU = Debug|Any CPU
		Release|Any CPU = Release|Any CPU
	EndGlobalSection
	GlobalSection(ProjectConfigurationPlatforms) = postSolution
		{2958BB80-7FC7-40DB-AA01-6DB6EC4026FF}.Debug|Any CPU.ActiveCfg = Debug|Any CPU
		{2958BB80-7FC7-40DB-AA01-6DB6EC4026FF}.Debug|Any CPU.Build.0 = Debug|Any CPU
		{2958BB80-7FC7-40DB-AA01-6DB6EC4026FF}.Release|Any CPU.ActiveCfg = Release|Any CPU
		{2958BB80-7FC7-40DB-AA01-6DB6EC4026FF}.Release|Any CPU.Build.0 = Release|Any CPU
	EndGlobalSection
	GlobalSection(SolutionProperties) = preSolution
		HideSolutionNode = FALSE
	EndGlobalSection
	GlobalSection(ExtensibilityGlobals) = postSolution
		SolutionGuid = {625DE7D3-7A32-4D78-ABF2-1021D593513B}
	EndGlobalSection
EndGlobal
